
Microsoft Visual Studio Solution File, Format Version 12.00
# Visual Studio Version 17
VisualStudioVersion = 17.9.34728.123
MinimumVisualStudioVersion = 10.0.40219.1
Project("{FAE04EC0-301F-11D3-BF4B-00C04F79EFBC}") = "WindowsFormsApp2", "WindowsFormsApp2\WindowsFormsApp2.csproj", "{FC40A7C2-B625-491D-85AC-F919E6B1CBB6}"
EndProject
Global
	GlobalSection(SolutionConfigurationPlatforms) = preSolution
		Debug|Any CPU = Debug|Any CPU
		Release|Any CPU = Release|Any CPU
	EndGlobalSection
	GlobalSection(ProjectConfigurationPlatforms) = postSolution
		{FC40A7C2-B625-491D-85AC-F919E6B1CBB6}.Debug|Any CPU.ActiveCfg = Debug|Any CPU
		{FC40A7C2-B625-491D-85AC-F919E6B1CBB6}.Debug|Any CPU.Build.0 = Debug|Any CPU
		{FC40A7C2-B625-491D-85AC-F919E6B1CBB6}.Release|Any CPU.ActiveCfg = Release|Any CPU
		{FC40A7C2-B625-491D-85AC-F919E6B1CBB6}.Release|Any CPU.Build.0 = Release|Any CPU
	EndGlobalSection
	GlobalSection(SolutionProperties) = preSolution
		HideSolutionNode = FALSE
	EndGlobalSection
	GlobalSection(ExtensibilityGlobals) = postSolution
		SolutionGuid = {C8F10C67-DB28-4B1C-B6B8-636FD42AA677}
	EndGlobalSection
EndGlobal
